
Microsoft Visual Studio Solution File, Format Version 12.00
# Visual Studio Version 17
VisualStudioVersion = 17.2.32616.157
MinimumVisualStudioVersion = 10.0.40219.1
Project("{FAE04EC0-301F-11D3-BF4B-00C04F79EFBC}") = "TestOAT", "TestOAT\TestOAT.csproj", "{1C0AB4E5-F1B5-4B42-BC16-6C616514A781}"
EndProject
Global
	GlobalSection(SolutionConfigurationPlatforms) = preSolution
		Debug|Any CPU = Debug|Any CPU
		Release|Any CPU = Release|Any CPU
	EndGlobalSection
	GlobalSection(ProjectConfigurationPlatforms) = postSolution
		{1C0AB4E5-F1B5-4B42-BC16-6C616514A781}.Debug|Any CPU.ActiveCfg = Debug|Any CPU
		{1C0AB4E5-F1B5-4B42-BC16-6C616514A781}.Debug|Any CPU.Build.0 = Debug|Any CPU
		{1C0AB4E5-F1B5-4B42-BC16-6C616514A781}.Release|Any CPU.ActiveCfg = Release|Any CPU
		{1C0AB4E5-F1B5-4B42-BC16-6C616514A781}.Release|Any CPU.Build.0 = Release|Any CPU
	EndGlobalSection
	GlobalSection(SolutionProperties) = preSolution
		HideSolutionNode = FALSE
	EndGlobalSection
	GlobalSection(ExtensibilityGlobals) = postSolution
		SolutionGuid = {DEDD19DE-AB7C-4C34-8DD1-921D4F844F88}
	EndGlobalSection
EndGlobal
